// !$*UTF8*$!
{
	archiveVersion = 1;
	classes = {
	};
	objectVersion = 50;
	objects = {

/* Begin PBXBuildFile section */
		5D0BB25E211B22F900E0154E /* PageViewController.swift in Sources */ = {isa = PBXBuildFile; fileRef = 5D0BB25D211B22F900E0154E /* PageViewController.swift */; };
		5D0BB262211B567F00E0154E /* TextResultView.swift in Sources */ = {isa = PBXBuildFile; fileRef = 5D0BB261211B567F00E0154E /* TextResultView.swift */; };
		5D0BB264211B568F00E0154E /* FaceResultView.swift in Sources */ = {isa = PBXBuildFile; fileRef = 5D0BB263211B568F00E0154E /* FaceResultView.swift */; };
		5D0BB266211B674900E0154E /* LabelResultCell.xib in Resources */ = {isa = PBXBuildFile; fileRef = 5D0BB265211B674900E0154E /* LabelResultCell.xib */; };
		5D0BB268211B682900E0154E /* LabelResultCell.swift in Sources */ = {isa = PBXBuildFile; fileRef = 5D0BB267211B682900E0154E /* LabelResultCell.swift */; };
		8412DE5A127B05FC21819F2E /* Pods_MobileVisionaryUITests.framework in Frameworks */ = {isa = PBXBuildFile; fileRef = 92428111B302D259094FC468 /* Pods_MobileVisionaryUITests.framework */; };
		855C8A58ED064596E1F634BF /* Pods_MobileVisionaryTests.framework in Frameworks */ = {isa = PBXBuildFile; fileRef = FEC761AF7B4C2D0084B349AD /* Pods_MobileVisionaryTests.framework */; };
		87A518FF2118CA9E00FD1590 /* AppDelegate.swift in Sources */ = {isa = PBXBuildFile; fileRef = 87A518FE2118CA9E00FD1590 /* AppDelegate.swift */; };
		87A519012118CA9E00FD1590 /* ViewController.swift in Sources */ = {isa = PBXBuildFile; fileRef = 87A519002118CA9E00FD1590 /* ViewController.swift */; };
		87A519042118CA9E00FD1590 /* Main.storyboard in Resources */ = {isa = PBXBuildFile; fileRef = 87A519022118CA9E00FD1590 /* Main.storyboard */; };
		87A519062118CAA000FD1590 /* Assets.xcassets in Resources */ = {isa = PBXBuildFile; fileRef = 87A519052118CAA000FD1590 /* Assets.xcassets */; };
		87A519092118CAA000FD1590 /* LaunchScreen.storyboard in Resources */ = {isa = PBXBuildFile; fileRef = 87A519072118CAA000FD1590 /* LaunchScreen.storyboard */; };
		87A519142118CAA000FD1590 /* MobileVisionaryTests.swift in Sources */ = {isa = PBXBuildFile; fileRef = 87A519132118CAA000FD1590 /* MobileVisionaryTests.swift */; };
		87A5191F2118CAA000FD1590 /* MobileVisionaryUITests.swift in Sources */ = {isa = PBXBuildFile; fileRef = 87A5191E2118CAA000FD1590 /* MobileVisionaryUITests.swift */; };
		87A5192D2119DF3600FD1590 /* GoogleVisionManager.swift in Sources */ = {isa = PBXBuildFile; fileRef = 87A5192C2119DF3600FD1590 /* GoogleVisionManager.swift */; };
		87A51933211B5FA100FD1590 /* TextResultCell.swift in Sources */ = {isa = PBXBuildFile; fileRef = 87A51932211B5FA100FD1590 /* TextResultCell.swift */; };
		87A51935211B7AA100FD1590 /* FaceResultCell.swift in Sources */ = {isa = PBXBuildFile; fileRef = 87A51934211B7AA100FD1590 /* FaceResultCell.swift */; };
		B9B6F1BC5717211A54619B71 /* Pods_MobileVisionary.framework in Frameworks */ = {isa = PBXBuildFile; fileRef = C87F87C1E5B453B075F2BB7C /* Pods_MobileVisionary.framework */; };
		F389931B211B73DB00E501AE /* JSONParser.swift in Sources */ = {isa = PBXBuildFile; fileRef = F389931A211B73DB00E501AE /* JSONParser.swift */; };
/* End PBXBuildFile section */

/* Begin PBXContainerItemProxy section */
		87A519102118CAA000FD1590 /* PBXContainerItemProxy */ = {
			isa = PBXContainerItemProxy;
			containerPortal = 87A518F32118CA9D00FD1590 /* Project object */;
			proxyType = 1;
			remoteGlobalIDString = 87A518FA2118CA9D00FD1590;
			remoteInfo = MobileVisionary;
		};
		87A5191B2118CAA000FD1590 /* PBXContainerItemProxy */ = {
			isa = PBXContainerItemProxy;
			containerPortal = 87A518F32118CA9D00FD1590 /* Project object */;
			proxyType = 1;
			remoteGlobalIDString = 87A518FA2118CA9D00FD1590;
			remoteInfo = MobileVisionary;
		};
/* End PBXContainerItemProxy section */

/* Begin PBXFileReference section */
		16D3068DD0052E2AFE880171 /* Pods-MobileVisionaryUITests.release.xcconfig */ = {isa = PBXFileReference; includeInIndex = 1; lastKnownFileType = text.xcconfig; name = "Pods-MobileVisionaryUITests.release.xcconfig"; path = "Pods/Target Support Files/Pods-MobileVisionaryUITests/Pods-MobileVisionaryUITests.release.xcconfig"; sourceTree = "<group>"; };
		1EF6CBC0FFF0E1B9DA5F436F /* Pods-MobileVisionaryTests.debug.xcconfig */ = {isa = PBXFileReference; includeInIndex = 1; lastKnownFileType = text.xcconfig; name = "Pods-MobileVisionaryTests.debug.xcconfig"; path = "Pods/Target Support Files/Pods-MobileVisionaryTests/Pods-MobileVisionaryTests.debug.xcconfig"; sourceTree = "<group>"; };
		2133CA47C79A5BEE882A8BAB /* Pods-MobileVisionary.debug.xcconfig */ = {isa = PBXFileReference; includeInIndex = 1; lastKnownFileType = text.xcconfig; name = "Pods-MobileVisionary.debug.xcconfig"; path = "Pods/Target Support Files/Pods-MobileVisionary/Pods-MobileVisionary.debug.xcconfig"; sourceTree = "<group>"; };
		49C98C9227791E04E7C0E192 /* Pods-MobileVisionaryUITests.debug.xcconfig */ = {isa = PBXFileReference; includeInIndex = 1; lastKnownFileType = text.xcconfig; name = "Pods-MobileVisionaryUITests.debug.xcconfig"; path = "Pods/Target Support Files/Pods-MobileVisionaryUITests/Pods-MobileVisionaryUITests.debug.xcconfig"; sourceTree = "<group>"; };
		561127A3FBC70FE83760EB16 /* Pods-MobileVisionaryTests.release.xcconfig */ = {isa = PBXFileReference; includeInIndex = 1; lastKnownFileType = text.xcconfig; name = "Pods-MobileVisionaryTests.release.xcconfig"; path = "Pods/Target Support Files/Pods-MobileVisionaryTests/Pods-MobileVisionaryTests.release.xcconfig"; sourceTree = "<group>"; };
		5D0BB25D211B22F900E0154E /* PageViewController.swift */ = {isa = PBXFileReference; lastKnownFileType = sourcecode.swift; path = PageViewController.swift; sourceTree = "<group>"; };
		5D0BB261211B567F00E0154E /* TextResultView.swift */ = {isa = PBXFileReference; lastKnownFileType = sourcecode.swift; path = TextResultView.swift; sourceTree = "<group>"; };
		5D0BB263211B568F00E0154E /* FaceResultView.swift */ = {isa = PBXFileReference; lastKnownFileType = sourcecode.swift; path = FaceResultView.swift; sourceTree = "<group>"; };
		5D0BB265211B674900E0154E /* LabelResultCell.xib */ = {isa = PBXFileReference; lastKnownFileType = file.xib; path = LabelResultCell.xib; sourceTree = "<group>"; };
		5D0BB267211B682900E0154E /* LabelResultCell.swift */ = {isa = PBXFileReference; lastKnownFileType = sourcecode.swift; path = LabelResultCell.swift; sourceTree = "<group>"; };
		70F035971E6215FB5E00ACF3 /* Pods-MobileVisionary.release.xcconfig */ = {isa = PBXFileReference; includeInIndex = 1; lastKnownFileType = text.xcconfig; name = "Pods-MobileVisionary.release.xcconfig"; path = "Pods/Target Support Files/Pods-MobileVisionary/Pods-MobileVisionary.release.xcconfig"; sourceTree = "<group>"; };
		87A518FB2118CA9D00FD1590 /* MobileVisionary.app */ = {isa = PBXFileReference; explicitFileType = wrapper.application; includeInIndex = 0; path = MobileVisionary.app; sourceTree = BUILT_PRODUCTS_DIR; };
		87A518FE2118CA9E00FD1590 /* AppDelegate.swift */ = {isa = PBXFileReference; lastKnownFileType = sourcecode.swift; path = AppDelegate.swift; sourceTree = "<group>"; };
		87A519002118CA9E00FD1590 /* ViewController.swift */ = {isa = PBXFileReference; lastKnownFileType = sourcecode.swift; path = ViewController.swift; sourceTree = "<group>"; };
		87A519032118CA9E00FD1590 /* Base */ = {isa = PBXFileReference; lastKnownFileType = file.storyboard; name = Base; path = Base.lproj/Main.storyboard; sourceTree = "<group>"; };
		87A519052118CAA000FD1590 /* Assets.xcassets */ = {isa = PBXFileReference; lastKnownFileType = folder.assetcatalog; path = Assets.xcassets; sourceTree = "<group>"; };
		87A519082118CAA000FD1590 /* Base */ = {isa = PBXFileReference; lastKnownFileType = file.storyboard; name = Base; path = Base.lproj/LaunchScreen.storyboard; sourceTree = "<group>"; };
		87A5190A2118CAA000FD1590 /* Info.plist */ = {isa = PBXFileReference; lastKnownFileType = text.plist.xml; path = Info.plist; sourceTree = "<group>"; };
		87A5190F2118CAA000FD1590 /* MobileVisionaryTests.xctest */ = {isa = PBXFileReference; explicitFileType = wrapper.cfbundle; includeInIndex = 0; path = MobileVisionaryTests.xctest; sourceTree = BUILT_PRODUCTS_DIR; };
		87A519132118CAA000FD1590 /* MobileVisionaryTests.swift */ = {isa = PBXFileReference; lastKnownFileType = sourcecode.swift; path = MobileVisionaryTests.swift; sourceTree = "<group>"; };
		87A519152118CAA000FD1590 /* Info.plist */ = {isa = PBXFileReference; lastKnownFileType = text.plist.xml; path = Info.plist; sourceTree = "<group>"; };
		87A5191A2118CAA000FD1590 /* MobileVisionaryUITests.xctest */ = {isa = PBXFileReference; explicitFileType = wrapper.cfbundle; includeInIndex = 0; path = MobileVisionaryUITests.xctest; sourceTree = BUILT_PRODUCTS_DIR; };
		87A5191E2118CAA000FD1590 /* MobileVisionaryUITests.swift */ = {isa = PBXFileReference; lastKnownFileType = sourcecode.swift; path = MobileVisionaryUITests.swift; sourceTree = "<group>"; };
		87A519202118CAA000FD1590 /* Info.plist */ = {isa = PBXFileReference; lastKnownFileType = text.plist.xml; path = Info.plist; sourceTree = "<group>"; };
		87A5192C2119DF3600FD1590 /* GoogleVisionManager.swift */ = {isa = PBXFileReference; lastKnownFileType = sourcecode.swift; path = GoogleVisionManager.swift; sourceTree = "<group>"; };
		87A51932211B5FA100FD1590 /* TextResultCell.swift */ = {isa = PBXFileReference; lastKnownFileType = sourcecode.swift; path = TextResultCell.swift; sourceTree = "<group>"; };
		87A51934211B7AA100FD1590 /* FaceResultCell.swift */ = {isa = PBXFileReference; lastKnownFileType = sourcecode.swift; path = FaceResultCell.swift; sourceTree = "<group>"; };
		92428111B302D259094FC468 /* Pods_MobileVisionaryUITests.framework */ = {isa = PBXFileReference; explicitFileType = wrapper.framework; includeInIndex = 0; path = Pods_MobileVisionaryUITests.framework; sourceTree = BUILT_PRODUCTS_DIR; };
		C87F87C1E5B453B075F2BB7C /* Pods_MobileVisionary.framework */ = {isa = PBXFileReference; explicitFileType = wrapper.framework; includeInIndex = 0; path = Pods_MobileVisionary.framework; sourceTree = BUILT_PRODUCTS_DIR; };
		F389931A211B73DB00E501AE /* JSONParser.swift */ = {isa = PBXFileReference; fileEncoding = 4; lastKnownFileType = sourcecode.swift; path = JSONParser.swift; sourceTree = "<group>"; };
		FEC761AF7B4C2D0084B349AD /* Pods_MobileVisionaryTests.framework */ = {isa = PBXFileReference; explicitFileType = wrapper.framework; includeInIndex = 0; path = Pods_MobileVisionaryTests.framework; sourceTree = BUILT_PRODUCTS_DIR; };
/* End PBXFileReference section */

/* Begin PBXFrameworksBuildPhase section */
		87A518F82118CA9D00FD1590 /* Frameworks */ = {
			isa = PBXFrameworksBuildPhase;
			buildActionMask = 2147483647;
			files = (
				B9B6F1BC5717211A54619B71 /* Pods_MobileVisionary.framework in Frameworks */,
			);
			runOnlyForDeploymentPostprocessing = 0;
		};
		87A5190C2118CAA000FD1590 /* Frameworks */ = {
			isa = PBXFrameworksBuildPhase;
			buildActionMask = 2147483647;
			files = (
				855C8A58ED064596E1F634BF /* Pods_MobileVisionaryTests.framework in Frameworks */,
			);
			runOnlyForDeploymentPostprocessing = 0;
		};
		87A519172118CAA000FD1590 /* Frameworks */ = {
			isa = PBXFrameworksBuildPhase;
			buildActionMask = 2147483647;
			files = (
				8412DE5A127B05FC21819F2E /* Pods_MobileVisionaryUITests.framework in Frameworks */,
			);
			runOnlyForDeploymentPostprocessing = 0;
		};
/* End PBXFrameworksBuildPhase section */

/* Begin PBXGroup section */
		87A518F22118CA9D00FD1590 = {
			isa = PBXGroup;
			children = (
				87A518FD2118CA9D00FD1590 /* MobileVisionary */,
				87A519122118CAA000FD1590 /* MobileVisionaryTests */,
				87A5191D2118CAA000FD1590 /* MobileVisionaryUITests */,
				87A518FC2118CA9D00FD1590 /* Products */,
				9A1A6FDB9CA15FAE0BD05D10 /* Pods */,
				E96796A0FEC97422443FA9AD /* Frameworks */,
			);
			sourceTree = "<group>";
		};
		87A518FC2118CA9D00FD1590 /* Products */ = {
			isa = PBXGroup;
			children = (
				87A518FB2118CA9D00FD1590 /* MobileVisionary.app */,
				87A5190F2118CAA000FD1590 /* MobileVisionaryTests.xctest */,
				87A5191A2118CAA000FD1590 /* MobileVisionaryUITests.xctest */,
			);
			name = Products;
			sourceTree = "<group>";
		};
		87A518FD2118CA9D00FD1590 /* MobileVisionary */ = {
			isa = PBXGroup;
			children = (
				87A518FE2118CA9E00FD1590 /* AppDelegate.swift */,
				87A519002118CA9E00FD1590 /* ViewController.swift */,
				5D0BB25D211B22F900E0154E /* PageViewController.swift */,
				5D0BB261211B567F00E0154E /* TextResultView.swift */,
				5D0BB263211B568F00E0154E /* FaceResultView.swift */,
				F389931A211B73DB00E501AE /* JSONParser.swift */,
				87A519022118CA9E00FD1590 /* Main.storyboard */,
				5D0BB265211B674900E0154E /* LabelResultCell.xib */,
				87A519052118CAA000FD1590 /* Assets.xcassets */,
				87A519072118CAA000FD1590 /* LaunchScreen.storyboard */,
				87A5190A2118CAA000FD1590 /* Info.plist */,
				87A5192C2119DF3600FD1590 /* GoogleVisionManager.swift */,
				87A51932211B5FA100FD1590 /* TextResultCell.swift */,
				87A51934211B7AA100FD1590 /* FaceResultCell.swift */,
			);
			path = MobileVisionary;
			sourceTree = "<group>";
		};
		87A519122118CAA000FD1590 /* MobileVisionaryTests */ = {
			isa = PBXGroup;
			children = (
				87A519132118CAA000FD1590 /* MobileVisionaryTests.swift */,
				87A519152118CAA000FD1590 /* Info.plist */,
			);
			path = MobileVisionaryTests;
			sourceTree = "<group>";
		};
		87A5191D2118CAA000FD1590 /* MobileVisionaryUITests */ = {
			isa = PBXGroup;
			children = (
				87A5191E2118CAA000FD1590 /* MobileVisionaryUITests.swift */,
				87A519202118CAA000FD1590 /* Info.plist */,
			);
			path = MobileVisionaryUITests;
			sourceTree = "<group>";
		};
		9A1A6FDB9CA15FAE0BD05D10 /* Pods */ = {
			isa = PBXGroup;
			children = (
				2133CA47C79A5BEE882A8BAB /* Pods-MobileVisionary.debug.xcconfig */,
				70F035971E6215FB5E00ACF3 /* Pods-MobileVisionary.release.xcconfig */,
				1EF6CBC0FFF0E1B9DA5F436F /* Pods-MobileVisionaryTests.debug.xcconfig */,
				561127A3FBC70FE83760EB16 /* Pods-MobileVisionaryTests.release.xcconfig */,
				49C98C9227791E04E7C0E192 /* Pods-MobileVisionaryUITests.debug.xcconfig */,
				16D3068DD0052E2AFE880171 /* Pods-MobileVisionaryUITests.release.xcconfig */,
			);
			name = Pods;
			sourceTree = "<group>";
		};
		E96796A0FEC97422443FA9AD /* Frameworks */ = {
			isa = PBXGroup;
			children = (
				C87F87C1E5B453B075F2BB7C /* Pods_MobileVisionary.framework */,
				FEC761AF7B4C2D0084B349AD /* Pods_MobileVisionaryTests.framework */,
				92428111B302D259094FC468 /* Pods_MobileVisionaryUITests.framework */,
			);
			name = Frameworks;
			sourceTree = "<group>";
		};
/* End PBXGroup section */

/* Begin PBXNativeTarget section */
		87A518FA2118CA9D00FD1590 /* MobileVisionary */ = {
			isa = PBXNativeTarget;
			buildConfigurationList = 87A519232118CAA000FD1590 /* Build configuration list for PBXNativeTarget "MobileVisionary" */;
			buildPhases = (
				C9EBC30E040FDF3D0AEC33A5 /* [CP] Check Pods Manifest.lock */,
				87A518F72118CA9D00FD1590 /* Sources */,
				87A518F82118CA9D00FD1590 /* Frameworks */,
				87A518F92118CA9D00FD1590 /* Resources */,
				6010B39184542E6A2B5C006A /* [CP] Embed Pods Frameworks */,
			);
			buildRules = (
			);
			dependencies = (
			);
			name = MobileVisionary;
			productName = MobileVisionary;
			productReference = 87A518FB2118CA9D00FD1590 /* MobileVisionary.app */;
			productType = "com.apple.product-type.application";
		};
		87A5190E2118CAA000FD1590 /* MobileVisionaryTests */ = {
			isa = PBXNativeTarget;
			buildConfigurationList = 87A519262118CAA000FD1590 /* Build configuration list for PBXNativeTarget "MobileVisionaryTests" */;
			buildPhases = (
				589E56E16FD357AE4634064A /* [CP] Check Pods Manifest.lock */,
				87A5190B2118CAA000FD1590 /* Sources */,
				87A5190C2118CAA000FD1590 /* Frameworks */,
				87A5190D2118CAA000FD1590 /* Resources */,
			);
			buildRules = (
			);
			dependencies = (
				87A519112118CAA000FD1590 /* PBXTargetDependency */,
			);
			name = MobileVisionaryTests;
			productName = MobileVisionaryTests;
			productReference = 87A5190F2118CAA000FD1590 /* MobileVisionaryTests.xctest */;
			productType = "com.apple.product-type.bundle.unit-test";
		};
		87A519192118CAA000FD1590 /* MobileVisionaryUITests */ = {
			isa = PBXNativeTarget;
			buildConfigurationList = 87A519292118CAA000FD1590 /* Build configuration list for PBXNativeTarget "MobileVisionaryUITests" */;
			buildPhases = (
				768605756B2C4BDF0229DFFD /* [CP] Check Pods Manifest.lock */,
				87A519162118CAA000FD1590 /* Sources */,
				87A519172118CAA000FD1590 /* Frameworks */,
				87A519182118CAA000FD1590 /* Resources */,
			);
			buildRules = (
			);
			dependencies = (
				87A5191C2118CAA000FD1590 /* PBXTargetDependency */,
			);
			name = MobileVisionaryUITests;
			productName = MobileVisionaryUITests;
			productReference = 87A5191A2118CAA000FD1590 /* MobileVisionaryUITests.xctest */;
			productType = "com.apple.product-type.bundle.ui-testing";
		};
/* End PBXNativeTarget section */

/* Begin PBXProject section */
		87A518F32118CA9D00FD1590 /* Project object */ = {
			isa = PBXProject;
			attributes = {
				LastSwiftUpdateCheck = 0940;
				LastUpgradeCheck = 0940;
				ORGANIZATIONNAME = "Jinnie Park";
				TargetAttributes = {
					87A518FA2118CA9D00FD1590 = {
						CreatedOnToolsVersion = 9.4.1;
					};
					87A5190E2118CAA000FD1590 = {
						CreatedOnToolsVersion = 9.4.1;
						TestTargetID = 87A518FA2118CA9D00FD1590;
					};
					87A519192118CAA000FD1590 = {
						CreatedOnToolsVersion = 9.4.1;
						TestTargetID = 87A518FA2118CA9D00FD1590;
					};
				};
			};
			buildConfigurationList = 87A518F62118CA9D00FD1590 /* Build configuration list for PBXProject "MobileVisionary" */;
			compatibilityVersion = "Xcode 9.3";
			developmentRegion = en;
			hasScannedForEncodings = 0;
			knownRegions = (
				en,
				Base,
			);
			mainGroup = 87A518F22118CA9D00FD1590;
			productRefGroup = 87A518FC2118CA9D00FD1590 /* Products */;
			projectDirPath = "";
			projectRoot = "";
			targets = (
				87A518FA2118CA9D00FD1590 /* MobileVisionary */,
				87A5190E2118CAA000FD1590 /* MobileVisionaryTests */,
				87A519192118CAA000FD1590 /* MobileVisionaryUITests */,
			);
		};
/* End PBXProject section */

/* Begin PBXResourcesBuildPhase section */
		87A518F92118CA9D00FD1590 /* Resources */ = {
			isa = PBXResourcesBuildPhase;
			buildActionMask = 2147483647;
			files = (
				87A519092118CAA000FD1590 /* LaunchScreen.storyboard in Resources */,
				87A519062118CAA000FD1590 /* Assets.xcassets in Resources */,
				87A519042118CA9E00FD1590 /* Main.storyboard in Resources */,
				5D0BB266211B674900E0154E /* LabelResultCell.xib in Resources */,
			);
			runOnlyForDeploymentPostprocessing = 0;
		};
		87A5190D2118CAA000FD1590 /* Resources */ = {
			isa = PBXResourcesBuildPhase;
			buildActionMask = 2147483647;
			files = (
			);
			runOnlyForDeploymentPostprocessing = 0;
		};
		87A519182118CAA000FD1590 /* Resources */ = {
			isa = PBXResourcesBuildPhase;
			buildActionMask = 2147483647;
			files = (
			);
			runOnlyForDeploymentPostprocessing = 0;
		};
/* End PBXResourcesBuildPhase section */

/* Begin PBXShellScriptBuildPhase section */
		589E56E16FD357AE4634064A /* [CP] Check Pods Manifest.lock */ = {
			isa = PBXShellScriptBuildPhase;
			buildActionMask = 2147483647;
			files = (
			);
			inputPaths = (
				"${PODS_PODFILE_DIR_PATH}/Podfile.lock",
				"${PODS_ROOT}/Manifest.lock",
			);
			name = "[CP] Check Pods Manifest.lock";
			outputPaths = (
				"$(DERIVED_FILE_DIR)/Pods-MobileVisionaryTests-checkManifestLockResult.txt",
			);
			runOnlyForDeploymentPostprocessing = 0;
			shellPath = /bin/sh;
			shellScript = "diff \"${PODS_PODFILE_DIR_PATH}/Podfile.lock\" \"${PODS_ROOT}/Manifest.lock\" > /dev/null\nif [ $? != 0 ] ; then\n    # print error to STDERR\n    echo \"error: The sandbox is not in sync with the Podfile.lock. Run 'pod install' or update your CocoaPods installation.\" >&2\n    exit 1\nfi\n# This output is used by Xcode 'outputs' to avoid re-running this script phase.\necho \"SUCCESS\" > \"${SCRIPT_OUTPUT_FILE_0}\"\n";
			showEnvVarsInLog = 0;
		};
		6010B39184542E6A2B5C006A /* [CP] Embed Pods Frameworks */ = {
			isa = PBXShellScriptBuildPhase;
			buildActionMask = 2147483647;
			files = (
			);
			inputPaths = (
				"${SRCROOT}/Pods/Target Support Files/Pods-MobileVisionary/Pods-MobileVisionary-frameworks.sh",
				"${BUILT_PRODUCTS_DIR}/SwiftyJSON/SwiftyJSON.framework",
			);
			name = "[CP] Embed Pods Frameworks";
			outputPaths = (
				"${TARGET_BUILD_DIR}/${FRAMEWORKS_FOLDER_PATH}/SwiftyJSON.framework",
			);
			runOnlyForDeploymentPostprocessing = 0;
			shellPath = /bin/sh;
			shellScript = "\"${SRCROOT}/Pods/Target Support Files/Pods-MobileVisionary/Pods-MobileVisionary-frameworks.sh\"\n";
			showEnvVarsInLog = 0;
		};
		768605756B2C4BDF0229DFFD /* [CP] Check Pods Manifest.lock */ = {
			isa = PBXShellScriptBuildPhase;
			buildActionMask = 2147483647;
			files = (
			);
			inputPaths = (
				"${PODS_PODFILE_DIR_PATH}/Podfile.lock",
				"${PODS_ROOT}/Manifest.lock",
			);
			name = "[CP] Check Pods Manifest.lock";
			outputPaths = (
				"$(DERIVED_FILE_DIR)/Pods-MobileVisionaryUITests-checkManifestLockResult.txt",
			);
			runOnlyForDeploymentPostprocessing = 0;
			shellPath = /bin/sh;
			shellScript = "diff \"${PODS_PODFILE_DIR_PATH}/Podfile.lock\" \"${PODS_ROOT}/Manifest.lock\" > /dev/null\nif [ $? != 0 ] ; then\n    # print error to STDERR\n    echo \"error: The sandbox is not in sync with the Podfile.lock. Run 'pod install' or update your CocoaPods installation.\" >&2\n    exit 1\nfi\n# This output is used by Xcode 'outputs' to avoid re-running this script phase.\necho \"SUCCESS\" > \"${SCRIPT_OUTPUT_FILE_0}\"\n";
			showEnvVarsInLog = 0;
		};
		C9EBC30E040FDF3D0AEC33A5 /* [CP] Check Pods Manifest.lock */ = {
			isa = PBXShellScriptBuildPhase;
			buildActionMask = 2147483647;
			files = (
			);
			inputPaths = (
				"${PODS_PODFILE_DIR_PATH}/Podfile.lock",
				"${PODS_ROOT}/Manifest.lock",
			);
			name = "[CP] Check Pods Manifest.lock";
			outputPaths = (
				"$(DERIVED_FILE_DIR)/Pods-MobileVisionary-checkManifestLockResult.txt",
			);
			runOnlyForDeploymentPostprocessing = 0;
			shellPath = /bin/sh;
			shellScript = "diff \"${PODS_PODFILE_DIR_PATH}/Podfile.lock\" \"${PODS_ROOT}/Manifest.lock\" > /dev/null\nif [ $? != 0 ] ; then\n    # print error to STDERR\n    echo \"error: The sandbox is not in sync with the Podfile.lock. Run 'pod install' or update your CocoaPods installation.\" >&2\n    exit 1\nfi\n# This output is used by Xcode 'outputs' to avoid re-running this script phase.\necho \"SUCCESS\" > \"${SCRIPT_OUTPUT_FILE_0}\"\n";
			showEnvVarsInLog = 0;
		};
/* End PBXShellScriptBuildPhase section */

/* Begin PBXSourcesBuildPhase section */
		87A518F72118CA9D00FD1590 /* Sources */ = {
			isa = PBXSourcesBuildPhase;
			buildActionMask = 2147483647;
			files = (
				5D0BB264211B568F00E0154E /* FaceResultView.swift in Sources */,
				5D0BB262211B567F00E0154E /* TextResultView.swift in Sources */,
				F389931B211B73DB00E501AE /* JSONParser.swift in Sources */,
				87A5192D2119DF3600FD1590 /* GoogleVisionManager.swift in Sources */,
				87A519012118CA9E00FD1590 /* ViewController.swift in Sources */,
				87A51935211B7AA100FD1590 /* FaceResultCell.swift in Sources */,
				87A518FF2118CA9E00FD1590 /* AppDelegate.swift in Sources */,
				5D0BB25E211B22F900E0154E /* PageViewController.swift in Sources */,
				5D0BB268211B682900E0154E /* LabelResultCell.swift in Sources */,
			);
			runOnlyForDeploymentPostprocessing = 0;
		};
		87A5190B2118CAA000FD1590 /* Sources */ = {
			isa = PBXSourcesBuildPhase;
			buildActionMask = 2147483647;
			files = (
				87A519142118CAA000FD1590 /* MobileVisionaryTests.swift in Sources */,
			);
			runOnlyForDeploymentPostprocessing = 0;
		};
		87A519162118CAA000FD1590 /* Sources */ = {
			isa = PBXSourcesBuildPhase;
			buildActionMask = 2147483647;
			files = (
				87A5191F2118CAA000FD1590 /* MobileVisionaryUITests.swift in Sources */,
			);
			runOnlyForDeploymentPostprocessing = 0;
		};
/* End PBXSourcesBuildPhase section */

/* Begin PBXTargetDependency section */
		87A519112118CAA000FD1590 /* PBXTargetDependency */ = {
			isa = PBXTargetDependency;
			target = 87A518FA2118CA9D00FD1590 /* MobileVisionary */;
			targetProxy = 87A519102118CAA000FD1590 /* PBXContainerItemProxy */;
		};
		87A5191C2118CAA000FD1590 /* PBXTargetDependency */ = {
			isa = PBXTargetDependency;
			target = 87A518FA2118CA9D00FD1590 /* MobileVisionary */;
			targetProxy = 87A5191B2118CAA000FD1590 /* PBXContainerItemProxy */;
		};
/* End PBXTargetDependency section */

/* Begin PBXVariantGroup section */
		87A519022118CA9E00FD1590 /* Main.storyboard */ = {
			isa = PBXVariantGroup;
			children = (
				87A519032118CA9E00FD1590 /* Base */,
			);
			name = Main.storyboard;
			sourceTree = "<group>";
		};
		87A519072118CAA000FD1590 /* LaunchScreen.storyboard */ = {
			isa = PBXVariantGroup;
			children = (
				87A519082118CAA000FD1590 /* Base */,
			);
			name = LaunchScreen.storyboard;
			sourceTree = "<group>";
		};
/* End PBXVariantGroup section */

/* Begin XCBuildConfiguration section */
		87A519212118CAA000FD1590 /* Debug */ = {
			isa = XCBuildConfiguration;
			buildSettings = {
				ALWAYS_SEARCH_USER_PATHS = NO;
				CLANG_ANALYZER_NONNULL = YES;
				CLANG_ANALYZER_NUMBER_OBJECT_CONVERSION = YES_AGGRESSIVE;
				CLANG_CXX_LANGUAGE_STANDARD = "gnu++14";
				CLANG_CXX_LIBRARY = "libc++";
				CLANG_ENABLE_MODULES = YES;
				CLANG_ENABLE_OBJC_ARC = YES;
				CLANG_ENABLE_OBJC_WEAK = YES;
				CLANG_WARN_BLOCK_CAPTURE_AUTORELEASING = YES;
				CLANG_WARN_BOOL_CONVERSION = YES;
				CLANG_WARN_COMMA = YES;
				CLANG_WARN_CONSTANT_CONVERSION = YES;
				CLANG_WARN_DEPRECATED_OBJC_IMPLEMENTATIONS = YES;
				CLANG_WARN_DIRECT_OBJC_ISA_USAGE = YES_ERROR;
				CLANG_WARN_DOCUMENTATION_COMMENTS = YES;
				CLANG_WARN_EMPTY_BODY = YES;
				CLANG_WARN_ENUM_CONVERSION = YES;
				CLANG_WARN_INFINITE_RECURSION = YES;
				CLANG_WARN_INT_CONVERSION = YES;
				CLANG_WARN_NON_LITERAL_NULL_CONVERSION = YES;
				CLANG_WARN_OBJC_IMPLICIT_RETAIN_SELF = YES;
				CLANG_WARN_OBJC_LITERAL_CONVERSION = YES;
				CLANG_WARN_OBJC_ROOT_CLASS = YES_ERROR;
				CLANG_WARN_RANGE_LOOP_ANALYSIS = YES;
				CLANG_WARN_STRICT_PROTOTYPES = YES;
				CLANG_WARN_SUSPICIOUS_MOVE = YES;
				CLANG_WARN_UNGUARDED_AVAILABILITY = YES_AGGRESSIVE;
				CLANG_WARN_UNREACHABLE_CODE = YES;
				CLANG_WARN__DUPLICATE_METHOD_MATCH = YES;
				CODE_SIGN_IDENTITY = "iPhone Developer";
				COPY_PHASE_STRIP = NO;
				DEBUG_INFORMATION_FORMAT = dwarf;
				ENABLE_STRICT_OBJC_MSGSEND = YES;
				ENABLE_TESTABILITY = YES;
				GCC_C_LANGUAGE_STANDARD = gnu11;
				GCC_DYNAMIC_NO_PIC = NO;
				GCC_NO_COMMON_BLOCKS = YES;
				GCC_OPTIMIZATION_LEVEL = 0;
				GCC_PREPROCESSOR_DEFINITIONS = (
					"DEBUG=1",
					"$(inherited)",
				);
				GCC_WARN_64_TO_32_BIT_CONVERSION = YES;
				GCC_WARN_ABOUT_RETURN_TYPE = YES_ERROR;
				GCC_WARN_UNDECLARED_SELECTOR = YES;
				GCC_WARN_UNINITIALIZED_AUTOS = YES_AGGRESSIVE;
				GCC_WARN_UNUSED_FUNCTION = YES;
				GCC_WARN_UNUSED_VARIABLE = YES;
				IPHONEOS_DEPLOYMENT_TARGET = 11.4;
				MTL_ENABLE_DEBUG_INFO = YES;
				ONLY_ACTIVE_ARCH = YES;
				SDKROOT = iphoneos;
				SWIFT_ACTIVE_COMPILATION_CONDITIONS = DEBUG;
				SWIFT_OPTIMIZATION_LEVEL = "-Onone";
			};
			name = Debug;
		};
		87A519222118CAA000FD1590 /* Release */ = {
			isa = XCBuildConfiguration;
			buildSettings = {
				ALWAYS_SEARCH_USER_PATHS = NO;
				CLANG_ANALYZER_NONNULL = YES;
				CLANG_ANALYZER_NUMBER_OBJECT_CONVERSION = YES_AGGRESSIVE;
				CLANG_CXX_LANGUAGE_STANDARD = "gnu++14";
				CLANG_CXX_LIBRARY = "libc++";
				CLANG_ENABLE_MODULES = YES;
				CLANG_ENABLE_OBJC_ARC = YES;
				CLANG_ENABLE_OBJC_WEAK = YES;
				CLANG_WARN_BLOCK_CAPTURE_AUTORELEASING = YES;
				CLANG_WARN_BOOL_CONVERSION = YES;
				CLANG_WARN_COMMA = YES;
				CLANG_WARN_CONSTANT_CONVERSION = YES;
				CLANG_WARN_DEPRECATED_OBJC_IMPLEMENTATIONS = YES;
				CLANG_WARN_DIRECT_OBJC_ISA_USAGE = YES_ERROR;
				CLANG_WARN_DOCUMENTATION_COMMENTS = YES;
				CLANG_WARN_EMPTY_BODY = YES;
				CLANG_WARN_ENUM_CONVERSION = YES;
				CLANG_WARN_INFINITE_RECURSION = YES;
				CLANG_WARN_INT_CONVERSION = YES;
				CLANG_WARN_NON_LITERAL_NULL_CONVERSION = YES;
				CLANG_WARN_OBJC_IMPLICIT_RETAIN_SELF = YES;
				CLANG_WARN_OBJC_LITERAL_CONVERSION = YES;
				CLANG_WARN_OBJC_ROOT_CLASS = YES_ERROR;
				CLANG_WARN_RANGE_LOOP_ANALYSIS = YES;
				CLANG_WARN_STRICT_PROTOTYPES = YES;
				CLANG_WARN_SUSPICIOUS_MOVE = YES;
				CLANG_WARN_UNGUARDED_AVAILABILITY = YES_AGGRESSIVE;
				CLANG_WARN_UNREACHABLE_CODE = YES;
				CLANG_WARN__DUPLICATE_METHOD_MATCH = YES;
				CODE_SIGN_IDENTITY = "iPhone Developer";
				COPY_PHASE_STRIP = NO;
				DEBUG_INFORMATION_FORMAT = "dwarf-with-dsym";
				ENABLE_NS_ASSERTIONS = NO;
				ENABLE_STRICT_OBJC_MSGSEND = YES;
				GCC_C_LANGUAGE_STANDARD = gnu11;
				GCC_NO_COMMON_BLOCKS = YES;
				GCC_WARN_64_TO_32_BIT_CONVERSION = YES;
				GCC_WARN_ABOUT_RETURN_TYPE = YES_ERROR;
				GCC_WARN_UNDECLARED_SELECTOR = YES;
				GCC_WARN_UNINITIALIZED_AUTOS = YES_AGGRESSIVE;
				GCC_WARN_UNUSED_FUNCTION = YES;
				GCC_WARN_UNUSED_VARIABLE = YES;
				IPHONEOS_DEPLOYMENT_TARGET = 11.4;
				MTL_ENABLE_DEBUG_INFO = NO;
				SDKROOT = iphoneos;
				SWIFT_COMPILATION_MODE = wholemodule;
				SWIFT_OPTIMIZATION_LEVEL = "-O";
				VALIDATE_PRODUCT = YES;
			};
			name = Release;
		};
		87A519242118CAA000FD1590 /* Debug */ = {
			isa = XCBuildConfiguration;
			baseConfigurationReference = 2133CA47C79A5BEE882A8BAB /* Pods-MobileVisionary.debug.xcconfig */;
			buildSettings = {
				ASSETCATALOG_COMPILER_APPICON_NAME = AppIcon;
				CODE_SIGN_STYLE = Automatic;
				DEVELOPMENT_TEAM = 8JZX3HMJTM;
				INFOPLIST_FILE = MobileVisionary/Info.plist;
				LD_RUNPATH_SEARCH_PATHS = (
					"$(inherited)",
					"@executable_path/Frameworks",
				);
				PRODUCT_BUNDLE_IDENTIFIER = appian.MobileVisionary.Ashley;
				PRODUCT_NAME = "$(TARGET_NAME)";
				SWIFT_VERSION = 4.0;
				TARGETED_DEVICE_FAMILY = "1,2";
			};
			name = Debug;
		};
		87A519252118CAA000FD1590 /* Release */ = {
			isa = XCBuildConfiguration;
			baseConfigurationReference = 70F035971E6215FB5E00ACF3 /* Pods-MobileVisionary.release.xcconfig */;
			buildSettings = {
				ASSETCATALOG_COMPILER_APPICON_NAME = AppIcon;
				CODE_SIGN_STYLE = Automatic;
				DEVELOPMENT_TEAM = 8JZX3HMJTM;
				INFOPLIST_FILE = MobileVisionary/Info.plist;
				LD_RUNPATH_SEARCH_PATHS = (
					"$(inherited)",
					"@executable_path/Frameworks",
				);
				PRODUCT_BUNDLE_IDENTIFIER = appian.MobileVisionary.Ashley;
				PRODUCT_NAME = "$(TARGET_NAME)";
				SWIFT_VERSION = 4.0;
				TARGETED_DEVICE_FAMILY = "1,2";
			};
			name = Release;
		};
		87A519272118CAA000FD1590 /* Debug */ = {
			isa = XCBuildConfiguration;
			baseConfigurationReference = 1EF6CBC0FFF0E1B9DA5F436F /* Pods-MobileVisionaryTests.debug.xcconfig */;
			buildSettings = {
				ALWAYS_EMBED_SWIFT_STANDARD_LIBRARIES = YES;
				BUNDLE_LOADER = "$(TEST_HOST)";
				CODE_SIGN_STYLE = Automatic;
				DEVELOPMENT_TEAM = QD8Q8AC733;
				INFOPLIST_FILE = MobileVisionaryTests/Info.plist;
				LD_RUNPATH_SEARCH_PATHS = (
					"$(inherited)",
					"@executable_path/Frameworks",
					"@loader_path/Frameworks",
				);
				PRODUCT_BUNDLE_IDENTIFIER = appian.MobileVisionaryTests;
				PRODUCT_NAME = "$(TARGET_NAME)";
				SWIFT_VERSION = 4.0;
				TARGETED_DEVICE_FAMILY = "1,2";
				TEST_HOST = "$(BUILT_PRODUCTS_DIR)/MobileVisionary.app/MobileVisionary";
			};
			name = Debug;
		};
		87A519282118CAA000FD1590 /* Release */ = {
			isa = XCBuildConfiguration;
			baseConfigurationReference = 561127A3FBC70FE83760EB16 /* Pods-MobileVisionaryTests.release.xcconfig */;
			buildSettings = {
				ALWAYS_EMBED_SWIFT_STANDARD_LIBRARIES = YES;
				BUNDLE_LOADER = "$(TEST_HOST)";
				CODE_SIGN_STYLE = Automatic;
				DEVELOPMENT_TEAM = QD8Q8AC733;
				INFOPLIST_FILE = MobileVisionaryTests/Info.plist;
				LD_RUNPATH_SEARCH_PATHS = (
					"$(inherited)",
					"@executable_path/Frameworks",
					"@loader_path/Frameworks",
				);
				PRODUCT_BUNDLE_IDENTIFIER = appian.MobileVisionaryTests;
				PRODUCT_NAME = "$(TARGET_NAME)";
				SWIFT_VERSION = 4.0;
				TARGETED_DEVICE_FAMILY = "1,2";
				TEST_HOST = "$(BUILT_PRODUCTS_DIR)/MobileVisionary.app/MobileVisionary";
			};
			name = Release;
		};
		87A5192A2118CAA000FD1590 /* Debug */ = {
			isa = XCBuildConfiguration;
			baseConfigurationReference = 49C98C9227791E04E7C0E192 /* Pods-MobileVisionaryUITests.debug.xcconfig */;
			buildSettings = {
				ALWAYS_EMBED_SWIFT_STANDARD_LIBRARIES = YES;
				CODE_SIGN_STYLE = Automatic;
				DEVELOPMENT_TEAM = QD8Q8AC733;
				INFOPLIST_FILE = MobileVisionaryUITests/Info.plist;
				LD_RUNPATH_SEARCH_PATHS = (
					"$(inherited)",
					"@executable_path/Frameworks",
					"@loader_path/Frameworks",
				);
				PRODUCT_BUNDLE_IDENTIFIER = appian.MobileVisionaryUITests;
				PRODUCT_NAME = "$(TARGET_NAME)";
				SWIFT_VERSION = 4.0;
				TARGETED_DEVICE_FAMILY = "1,2";
				TEST_TARGET_NAME = MobileVisionary;
			};
			name = Debug;
		};
		87A5192B2118CAA000FD1590 /* Release */ = {
			isa = XCBuildConfiguration;
			baseConfigurationReference = 16D3068DD0052E2AFE880171 /* Pods-MobileVisionaryUITests.release.xcconfig */;
			buildSettings = {
				ALWAYS_EMBED_SWIFT_STANDARD_LIBRARIES = YES;
				CODE_SIGN_STYLE = Automatic;
				DEVELOPMENT_TEAM = QD8Q8AC733;
				INFOPLIST_FILE = MobileVisionaryUITests/Info.plist;
				LD_RUNPATH_SEARCH_PATHS = (
					"$(inherited)",
					"@executable_path/Frameworks",
					"@loader_path/Frameworks",
				);
				PRODUCT_BUNDLE_IDENTIFIER = appian.MobileVisionaryUITests;
				PRODUCT_NAME = "$(TARGET_NAME)";
				SWIFT_VERSION = 4.0;
				TARGETED_DEVICE_FAMILY = "1,2";
				TEST_TARGET_NAME = MobileVisionary;
			};
			name = Release;
		};
/* End XCBuildConfiguration section */

/* Begin XCConfigurationList section */
		87A518F62118CA9D00FD1590 /* Build configuration list for PBXProject "MobileVisionary" */ = {
			isa = XCConfigurationList;
			buildConfigurations = (
				87A519212118CAA000FD1590 /* Debug */,
				87A519222118CAA000FD1590 /* Release */,
			);
			defaultConfigurationIsVisible = 0;
			defaultConfigurationName = Release;
		};
		87A519232118CAA000FD1590 /* Build configuration list for PBXNativeTarget "MobileVisionary" */ = {
			isa = XCConfigurationList;
			buildConfigurations = (
				87A519242118CAA000FD1590 /* Debug */,
				87A519252118CAA000FD1590 /* Release */,
			);
			defaultConfigurationIsVisible = 0;
			defaultConfigurationName = Release;
		};
		87A519262118CAA000FD1590 /* Build configuration list for PBXNativeTarget "MobileVisionaryTests" */ = {
			isa = XCConfigurationList;
			buildConfigurations = (
				87A519272118CAA000FD1590 /* Debug */,
				87A519282118CAA000FD1590 /* Release */,
			);
			defaultConfigurationIsVisible = 0;
			defaultConfigurationName = Release;
		};
		87A519292118CAA000FD1590 /* Build configuration list for PBXNativeTarget "MobileVisionaryUITests" */ = {
			isa = XCConfigurationList;
			buildConfigurations = (
				87A5192A2118CAA000FD1590 /* Debug */,
				87A5192B2118CAA000FD1590 /* Release */,
			);
			defaultConfigurationIsVisible = 0;
			defaultConfigurationName = Release;
		};
/* End XCConfigurationList section */
	};
	rootObject = 87A518F32118CA9D00FD1590 /* Project object */;
}
